
Microsoft Visual Studio Solution File, Format Version 12.00
# Visual Studio Version 16
VisualStudioVersion = 16.0.30804.86
MinimumVisualStudioVersion = 10.0.40219.1
Project("{FAE04EC0-301F-11D3-BF4B-00C04F79EFBC}") = "WebCommerceOnline", "WebCommerceOnline\WebCommerceOnline.csproj", "{72877CC7-20F3-406E-AB8F-1698DE4D9363}"
EndProject
Project("{FAE04EC0-301F-11D3-BF4B-00C04F79EFBC}") = "SqlDataSourceExtend", "SqlDataSourceExtend\SqlDataSourceExtend.csproj", "{B4FC163C-68C4-43D4-A419-09D3A23F7005}"
EndProject
Project("{9A19103F-16F7-4668-BE54-9A1E7A4F7556}") = "BOL", "Bol\BOL.csproj", "{BAB6D88E-0226-4071-8323-EC574FBD8664}"
EndProject
Project("{FAE04EC0-301F-11D3-BF4B-00C04F79EFBC}") = "Test", "Test\Test.csproj", "{144A380C-432E-42A2-BCC0-3D22F7F770EE}"
EndProject
Project("{FAE04EC0-301F-11D3-BF4B-00C04F79EFBC}") = "DAC", "DAC\DAC.csproj", "{5205E611-A10D-40EC-925A-38C544C12F65}"
EndProject
Global
	GlobalSection(SolutionConfigurationPlatforms) = preSolution
		Debug|Any CPU = Debug|Any CPU
		Release|Any CPU = Release|Any CPU
	EndGlobalSection
	GlobalSection(ProjectConfigurationPlatforms) = postSolution
		{72877CC7-20F3-406E-AB8F-1698DE4D9363}.Debug|Any CPU.ActiveCfg = Debug|Any CPU
		{72877CC7-20F3-406E-AB8F-1698DE4D9363}.Debug|Any CPU.Build.0 = Debug|Any CPU
		{72877CC7-20F3-406E-AB8F-1698DE4D9363}.Release|Any CPU.ActiveCfg = Release|Any CPU
		{72877CC7-20F3-406E-AB8F-1698DE4D9363}.Release|Any CPU.Build.0 = Release|Any CPU
		{B4FC163C-68C4-43D4-A419-09D3A23F7005}.Debug|Any CPU.ActiveCfg = Debug|Any CPU
		{B4FC163C-68C4-43D4-A419-09D3A23F7005}.Debug|Any CPU.Build.0 = Debug|Any CPU
		{B4FC163C-68C4-43D4-A419-09D3A23F7005}.Release|Any CPU.ActiveCfg = Release|Any CPU
		{B4FC163C-68C4-43D4-A419-09D3A23F7005}.Release|Any CPU.Build.0 = Release|Any CPU
		{BAB6D88E-0226-4071-8323-EC574FBD8664}.Debug|Any CPU.ActiveCfg = Debug|Any CPU
		{BAB6D88E-0226-4071-8323-EC574FBD8664}.Debug|Any CPU.Build.0 = Debug|Any CPU
		{BAB6D88E-0226-4071-8323-EC574FBD8664}.Release|Any CPU.ActiveCfg = Release|Any CPU
		{BAB6D88E-0226-4071-8323-EC574FBD8664}.Release|Any CPU.Build.0 = Release|Any CPU
		{144A380C-432E-42A2-BCC0-3D22F7F770EE}.Debug|Any CPU.ActiveCfg = Debug|Any CPU
		{144A380C-432E-42A2-BCC0-3D22F7F770EE}.Debug|Any CPU.Build.0 = Debug|Any CPU
		{144A380C-432E-42A2-BCC0-3D22F7F770EE}.Release|Any CPU.ActiveCfg = Release|Any CPU
		{144A380C-432E-42A2-BCC0-3D22F7F770EE}.Release|Any CPU.Build.0 = Release|Any CPU
		{5205E611-A10D-40EC-925A-38C544C12F65}.Debug|Any CPU.ActiveCfg = Debug|Any CPU
		{5205E611-A10D-40EC-925A-38C544C12F65}.Debug|Any CPU.Build.0 = Debug|Any CPU
		{5205E611-A10D-40EC-925A-38C544C12F65}.Release|Any CPU.ActiveCfg = Release|Any CPU
		{5205E611-A10D-40EC-925A-38C544C12F65}.Release|Any CPU.Build.0 = Release|Any CPU
	EndGlobalSection
	GlobalSection(SolutionProperties) = preSolution
		HideSolutionNode = FALSE
	EndGlobalSection
	GlobalSection(ExtensibilityGlobals) = postSolution
		SolutionGuid = {69E24695-43D9-4FDB-A8A2-47A0716109B3}
	EndGlobalSection
EndGlobal
